version = 1
requires-python = ">=3.10.16, <3.11"

[[package]]
name = "bgm-tv-wiki"
version = "0.0.29"
source = { registry = "https://pypi.org/simple" }
dependencies = [
    { name = "typing-extensions" },
]
sdist = { url = "https://files.pythonhosted.org/packages/25/bf/23be7702ded6eb73f4989cbec5e9932c8f3a5b9f01dc206f128e5d36dc81/bgm_tv_wiki-0.0.29.tar.gz", hash = "sha256:eb072a96e87ad2041966a99b43045073db4a0cbb9586083c7fbcfe3bb6633b85", size = 6523 }
wheels = [
    { url = "https://files.pythonhosted.org/packages/c2/ce/ab34c236e377ad9f2b82bb7a1b16922bea4cf6627af43c11b5ad05a879dc/bgm_tv_wiki-0.0.29-cp310-cp310-manylinux_2_17_x86_64.manylinux2014_x86_64.whl", hash = "sha256:ef9e29bff149b71e0941ed12e9e579f7adee53848e194ea6b1ef6def5021a20e", size = 556092 },
    { url = "https://files.pythonhosted.org/packages/bf/c7/16e778d3586a14db8203ece038ba2fee5489d5837ddf4b86dd1c0bb8123a/bgm_tv_wiki-0.0.29-cp310-cp310-win_amd64.whl", hash = "sha256:34f3cd38b3a49d4ffb92245f3827338800bd08cb7707a5b4730f9a000d6ba350", size = 103421 },
    { url = "https://files.pythonhosted.org/packages/cc/cb/00eaa91952a59b9059ae389421bbf5884e5c1e1cae87a4212b7686f83ed8/bgm_tv_wiki-0.0.29-py3-none-any.whl", hash = "sha256:79968c286c633c0fee9a0ba60b04cd7ddbd60d163c9893d64cd596b7aca90808", size = 2102 },
]

[[package]]
name = "cfgv"
version = "3.4.0"
source = { registry = "https://pypi.org/simple" }
sdist = { url = "https://files.pythonhosted.org/packages/11/74/539e56497d9bd1d484fd863dd69cbbfa653cd2aa27abfe35653494d85e94/cfgv-3.4.0.tar.gz", hash = "sha256:e52591d4c5f5dead8e0f673fb16db7949d2cfb3f7da4582893288f0ded8fe560", size = 7114 }
wheels = [
    { url = "https://files.pythonhosted.org/packages/c5/55/51844dd50c4fc7a33b653bfaba4c2456f06955289ca770a5dbd5fd267374/cfgv-3.4.0-py2.py3-none-any.whl", hash = "sha256:b7265b1f29fd3316bfcd2b330d63d024f2bfd8bcb8b0272f8e19a504856c48f9", size = 7249 },
]

[[package]]
name = "colorama"
version = "0.4.6"
source = { registry = "https://pypi.org/simple" }
sdist = { url = "https://files.pythonhosted.org/packages/d8/53/6f443c9a4a8358a93a6792e2acffb9d9d5cb0a5cfd8802644b7b1c9a02e4/colorama-0.4.6.tar.gz", hash = "sha256:08695f5cb7ed6e0531a20572697297273c47b8cae5a63ffc6d6ed5c201be6e44", size = 27697 }
wheels = [
    { url = "https://files.pythonhosted.org/packages/d1/d6/3965ed04c63042e047cb6a3e6ed1a63a35087b6a609aa3a15ed8ac56c221/colorama-0.4.6-py2.py3-none-any.whl", hash = "sha256:4f1d9991f5acc0ca119f9d443620b77f9d6b33703e51011c16baf57afb285fc6", size = 25335 },
]

[[package]]
name = "confluent-kafka"
version = "2.6.1"
source = { registry = "https://pypi.org/simple" }
sdist = { url = "https://files.pythonhosted.org/packages/13/89/928e6886ba33f5847692430d003dc33f81a6e595d25f9935d6185ea073d3/confluent_kafka-2.6.1.tar.gz", hash = "sha256:71fdab0f65ccdb00eff0f14ccde65723ebbd20392723f8c1e87e5d8ab29e50cf", size = 160019 }
wheels = [
    { url = "https://files.pythonhosted.org/packages/53/2d/8be9cc2130df5928890e59a6fd702b2ed26207fe9017e86f9fca71e07718/confluent_kafka-2.6.1-cp310-cp310-macosx_10_9_x86_64.whl", hash = "sha256:832f17bc8568bdec1823a46ebe66e0ccbffbb0f5917f8ed6226258186aed9bae", size = 3440649 },
    { url = "https://files.pythonhosted.org/packages/a1/6b/40585af215b88fc558abea6e20793cd39078ee1e28d567dc9175a51e4e1a/confluent_kafka-2.6.1-cp310-cp310-macosx_11_0_arm64.whl", hash = "sha256:c41b8461958690aa35ceb5619cf910c664535fb395a8f331998c74760d51e1d1", size = 2967292 },
    { url = "https://files.pythonhosted.org/packages/3a/a8/d3635bba1b4cb48559f7287cd4664e25da81733c2dee6e5267e9732d41bf/confluent_kafka-2.6.1-cp310-cp310-manylinux_2_28_aarch64.whl", hash = "sha256:8fef7efc866e12db75060d3ec7b74cd6cf5322d8bf72267f1e3204a98ee6b75b", size = 15267992 },
    { url = "https://files.pythonhosted.org/packages/d0/37/fab84e4760975794d821b088adc18df7f9d09615cfbac57449b2bd2b86d3/confluent_kafka-2.6.1-cp310-cp310-manylinux_2_28_x86_64.whl", hash = "sha256:802af9c60c1c0e068adfc73a10322f9d9d9260f508978ebe853cd6d1e8d6f4ef", size = 3937016 },
    { url = "https://files.pythonhosted.org/packages/57/b8/fb4e6d7e40be52cd9243ca85f725ce566d9a0daeabe6208317a5d751396e/confluent_kafka-2.6.1-cp310-cp310-win_amd64.whl", hash = "sha256:24cc1833658a93b727337fc31088f4e7d04fdc8e73eae3f946ecae0308737822", size = 3888468 },
]

[[package]]
name = "distlib"
version = "0.3.9"
source = { registry = "https://pypi.org/simple" }
sdist = { url = "https://files.pythonhosted.org/packages/0d/dd/1bec4c5ddb504ca60fc29472f3d27e8d4da1257a854e1d96742f15c1d02d/distlib-0.3.9.tar.gz", hash = "sha256:a60f20dea646b8a33f3e7772f74dc0b2d0772d2837ee1342a00645c81edf9403", size = 613923 }
wheels = [
    { url = "https://files.pythonhosted.org/packages/91/a1/cf2472db20f7ce4a6be1253a81cfdf85ad9c7885ffbed7047fb72c24cf87/distlib-0.3.9-py2.py3-none-any.whl", hash = "sha256:47f8c22fd27c27e25a65601af709b38e4f0a45ea4fc2e710f65755fa8caaaf87", size = 468973 },
]

[[package]]
name = "exceptiongroup"
version = "1.2.2"
source = { registry = "https://pypi.org/simple" }
sdist = { url = "https://files.pythonhosted.org/packages/09/35/2495c4ac46b980e4ca1f6ad6db102322ef3ad2410b79fdde159a4b0f3b92/exceptiongroup-1.2.2.tar.gz", hash = "sha256:47c2edf7c6738fafb49fd34290706d1a1a2f4d1c6df275526b62cbb4aa5393cc", size = 28883 }
wheels = [
    { url = "https://files.pythonhosted.org/packages/02/cc/b7e31358aac6ed1ef2bb790a9746ac2c69bcb3c8588b41616914eb106eaf/exceptiongroup-1.2.2-py3-none-any.whl", hash = "sha256:3111b9d131c238bec2f8f516e123e14ba243563fb135d3fe885990585aa7795b", size = 16453 },
]

[[package]]
name = "filelock"
version = "3.17.0"
source = { registry = "https://pypi.org/simple" }
sdist = { url = "https://files.pythonhosted.org/packages/dc/9c/0b15fb47b464e1b663b1acd1253a062aa5feecb07d4e597daea542ebd2b5/filelock-3.17.0.tar.gz", hash = "sha256:ee4e77401ef576ebb38cd7f13b9b28893194acc20a8e68e18730ba9c0e54660e", size = 18027 }
wheels = [
    { url = "https://files.pythonhosted.org/packages/89/ec/00d68c4ddfedfe64159999e5f8a98fb8442729a63e2077eb9dcd89623d27/filelock-3.17.0-py3-none-any.whl", hash = "sha256:533dc2f7ba78dc2f0f531fc6c4940addf7b70a481e269a5a3b93be94ffbe8338", size = 16164 },
]

[[package]]
name = "greenlet"
version = "3.1.1"
source = { registry = "https://pypi.org/simple" }
sdist = { url = "https://files.pythonhosted.org/packages/2f/ff/df5fede753cc10f6a5be0931204ea30c35fa2f2ea7a35b25bdaf4fe40e46/greenlet-3.1.1.tar.gz", hash = "sha256:4ce3ac6cdb6adf7946475d7ef31777c26d94bccc377e070a7986bd2d5c515467", size = 186022 }
wheels = [
    { url = "https://files.pythonhosted.org/packages/25/90/5234a78dc0ef6496a6eb97b67a42a8e96742a56f7dc808cb954a85390448/greenlet-3.1.1-cp310-cp310-macosx_11_0_universal2.whl", hash = "sha256:0bbae94a29c9e5c7e4a2b7f0aae5c17e8e90acbfd3bf6270eeba60c39fce3563", size = 271235 },
    { url = "https://files.pythonhosted.org/packages/7c/16/cd631fa0ab7d06ef06387135b7549fdcc77d8d859ed770a0d28e47b20972/greenlet-3.1.1-cp310-cp310-manylinux_2_17_aarch64.manylinux2014_aarch64.whl", hash = "sha256:0fde093fb93f35ca72a556cf72c92ea3ebfda3d79fc35bb19fbe685853869a83", size = 637168 },
    { url = "https://files.pythonhosted.org/packages/2f/b1/aed39043a6fec33c284a2c9abd63ce191f4f1a07319340ffc04d2ed3256f/greenlet-3.1.1-cp310-cp310-manylinux_2_17_ppc64le.manylinux2014_ppc64le.whl", hash = "sha256:36b89d13c49216cadb828db8dfa6ce86bbbc476a82d3a6c397f0efae0525bdd0", size = 648826 },
    { url = "https://files.pythonhosted.org/packages/76/25/40e0112f7f3ebe54e8e8ed91b2b9f970805143efef16d043dfc15e70f44b/greenlet-3.1.1-cp310-cp310-manylinux_2_17_s390x.manylinux2014_s390x.whl", hash = "sha256:94b6150a85e1b33b40b1464a3f9988dcc5251d6ed06842abff82e42632fac120", size = 644443 },
    { url = "https://files.pythonhosted.org/packages/fb/2f/3850b867a9af519794784a7eeed1dd5bc68ffbcc5b28cef703711025fd0a/greenlet-3.1.1-cp310-cp310-manylinux_2_17_x86_64.manylinux2014_x86_64.whl", hash = "sha256:93147c513fac16385d1036b7e5b102c7fbbdb163d556b791f0f11eada7ba65dc", size = 643295 },
    { url = "https://files.pythonhosted.org/packages/cf/69/79e4d63b9387b48939096e25115b8af7cd8a90397a304f92436bcb21f5b2/greenlet-3.1.1-cp310-cp310-manylinux_2_24_x86_64.manylinux_2_28_x86_64.whl", hash = "sha256:da7a9bff22ce038e19bf62c4dd1ec8391062878710ded0a845bcf47cc0200617", size = 599544 },
    { url = "https://files.pythonhosted.org/packages/46/1d/44dbcb0e6c323bd6f71b8c2f4233766a5faf4b8948873225d34a0b7efa71/greenlet-3.1.1-cp310-cp310-musllinux_1_1_aarch64.whl", hash = "sha256:b2795058c23988728eec1f36a4e5e4ebad22f8320c85f3587b539b9ac84128d7", size = 1125456 },
    { url = "https://files.pythonhosted.org/packages/e0/1d/a305dce121838d0278cee39d5bb268c657f10a5363ae4b726848f833f1bb/greenlet-3.1.1-cp310-cp310-musllinux_1_1_x86_64.whl", hash = "sha256:ed10eac5830befbdd0c32f83e8aa6288361597550ba669b04c48f0f9a2c843c6", size = 1149111 },
    { url = "https://files.pythonhosted.org/packages/96/28/d62835fb33fb5652f2e98d34c44ad1a0feacc8b1d3f1aecab035f51f267d/greenlet-3.1.1-cp310-cp310-win_amd64.whl", hash = "sha256:77c386de38a60d1dfb8e55b8c1101d68c79dfdd25c7095d51fec2dd800892b80", size = 298392 },
]

[[package]]
name = "identify"
version = "2.6.6"
source = { registry = "https://pypi.org/simple" }
sdist = { url = "https://files.pythonhosted.org/packages/82/bf/c68c46601bacd4c6fb4dd751a42b6e7087240eaabc6487f2ef7a48e0e8fc/identify-2.6.6.tar.gz", hash = "sha256:7bec12768ed44ea4761efb47806f0a41f86e7c0a5fdf5950d4648c90eca7e251", size = 99217 }
wheels = [
    { url = "https://files.pythonhosted.org/packages/74/a1/68a395c17eeefb04917034bd0a1bfa765e7654fa150cca473d669aa3afb5/identify-2.6.6-py2.py3-none-any.whl", hash = "sha256:cbd1810bce79f8b671ecb20f53ee0ae8e86ae84b557de31d89709dc2a48ba881", size = 99083 },
]

[[package]]
name = "iniconfig"
version = "2.0.0"
source = { registry = "https://pypi.org/simple" }
sdist = { url = "https://files.pythonhosted.org/packages/d7/4b/cbd8e699e64a6f16ca3a8220661b5f83792b3017d0f79807cb8708d33913/iniconfig-2.0.0.tar.gz", hash = "sha256:2d91e135bf72d31a410b17c16da610a82cb55f6b0477d1a902134b24a455b8b3", size = 4646 }
wheels = [
    { url = "https://files.pythonhosted.org/packages/ef/a6/62565a6e1cf69e10f5727360368e451d4b7f58beeac6173dc9db836a5b46/iniconfig-2.0.0-py3-none-any.whl", hash = "sha256:b6a85871a79d2e3b22d2d1b94ac2824226a63c6b741c88f7ae975f18b6778374", size = 5892 },
]

[[package]]
name = "msgspec"
version = "0.18.6"
source = { registry = "https://pypi.org/simple" }
sdist = { url = "https://files.pythonhosted.org/packages/5e/fb/42b1865063fddb14dbcbb6e74e0a366ecf1ba371c4948664dde0b0e10f95/msgspec-0.18.6.tar.gz", hash = "sha256:a59fc3b4fcdb972d09138cb516dbde600c99d07c38fd9372a6ef500d2d031b4e", size = 216757 }
wheels = [
    { url = "https://files.pythonhosted.org/packages/49/54/34c2b70e0d42d876c04f6436c80777d786f25c7536830db5e4ec1aef8788/msgspec-0.18.6-cp310-cp310-macosx_10_9_x86_64.whl", hash = "sha256:77f30b0234eceeff0f651119b9821ce80949b4d667ad38f3bfed0d0ebf9d6d8f", size = 202537 },
    { url = "https://files.pythonhosted.org/packages/d4/b8/d00d7d03bba8b4eb0bbfdeb6c047163877b2916995f837113d273fd3b774/msgspec-0.18.6-cp310-cp310-macosx_11_0_arm64.whl", hash = "sha256:1a76b60e501b3932782a9da039bd1cd552b7d8dec54ce38332b87136c64852dd", size = 192246 },
    { url = "https://files.pythonhosted.org/packages/98/07/40bcd501d0f4e76694ca04a11689f3e06d9ef7a31d74e493a2cc34cd9198/msgspec-0.18.6-cp310-cp310-manylinux_2_17_aarch64.manylinux2014_aarch64.whl", hash = "sha256:06acbd6edf175bee0e36295d6b0302c6de3aaf61246b46f9549ca0041a9d7177", size = 208523 },
    { url = "https://files.pythonhosted.org/packages/23/1f/10f2bf07f8fcdc3b0c7bf1bfefdd28bd0353df9290c84e4b3ad8e93e0115/msgspec-0.18.6-cp310-cp310-manylinux_2_17_x86_64.manylinux2014_x86_64.whl", hash = "sha256:40a4df891676d9c28a67c2cc39947c33de516335680d1316a89e8f7218660410", size = 210276 },
    { url = "https://files.pythonhosted.org/packages/c7/e4/4bb5bcd89a74bbb246a21687dd62923c43007e28ad17db24ff58653456cb/msgspec-0.18.6-cp310-cp310-musllinux_1_1_aarch64.whl", hash = "sha256:a6896f4cd5b4b7d688018805520769a8446df911eb93b421c6c68155cdf9dd5a", size = 214659 },
    { url = "https://files.pythonhosted.org/packages/32/f1/57187427a5a3379cb74aaae753314f9dcde14c259552ec0cb44bcf18db49/msgspec-0.18.6-cp310-cp310-musllinux_1_1_x86_64.whl", hash = "sha256:3ac4dd63fd5309dd42a8c8c36c1563531069152be7819518be0a9d03be9788e4", size = 216585 },
    { url = "https://files.pythonhosted.org/packages/7d/d1/94919c9b837fc9a0e9dfc1b598a50298bd194146e7bc7d3f42f18826e9f6/msgspec-0.18.6-cp310-cp310-win_amd64.whl", hash = "sha256:fda4c357145cf0b760000c4ad597e19b53adf01382b711f281720a10a0fe72b7", size = 185677 },
]

[[package]]
name = "mypy"
version = "1.13.0"
source = { registry = "https://pypi.org/simple" }
dependencies = [
    { name = "mypy-extensions" },
    { name = "tomli" },
    { name = "typing-extensions" },
]
sdist = { url = "https://files.pythonhosted.org/packages/e8/21/7e9e523537991d145ab8a0a2fd98548d67646dc2aaaf6091c31ad883e7c1/mypy-1.13.0.tar.gz", hash = "sha256:0291a61b6fbf3e6673e3405cfcc0e7650bebc7939659fdca2702958038bd835e", size = 3152532 }
wheels = [
    { url = "https://files.pythonhosted.org/packages/5e/8c/206de95a27722b5b5a8c85ba3100467bd86299d92a4f71c6b9aa448bfa2f/mypy-1.13.0-cp310-cp310-macosx_10_9_x86_64.whl", hash = "sha256:6607e0f1dd1fb7f0aca14d936d13fd19eba5e17e1cd2a14f808fa5f8f6d8f60a", size = 11020731 },
    { url = "https://files.pythonhosted.org/packages/ab/bb/b31695a29eea76b1569fd28b4ab141a1adc9842edde080d1e8e1776862c7/mypy-1.13.0-cp310-cp310-macosx_11_0_arm64.whl", hash = "sha256:8a21be69bd26fa81b1f80a61ee7ab05b076c674d9b18fb56239d72e21d9f4c80", size = 10184276 },
    { url = "https://files.pythonhosted.org/packages/a5/2d/4a23849729bb27934a0e079c9c1aad912167d875c7b070382a408d459651/mypy-1.13.0-cp310-cp310-manylinux_2_17_x86_64.manylinux2014_x86_64.manylinux_2_28_x86_64.whl", hash = "sha256:7b2353a44d2179846a096e25691d54d59904559f4232519d420d64da6828a3a7", size = 12587706 },
    { url = "https://files.pythonhosted.org/packages/5c/c3/d318e38ada50255e22e23353a469c791379825240e71b0ad03e76ca07ae6/mypy-1.13.0-cp310-cp310-musllinux_1_1_x86_64.whl", hash = "sha256:0730d1c6a2739d4511dc4253f8274cdd140c55c32dfb0a4cf8b7a43f40abfa6f", size = 13105586 },
    { url = "https://files.pythonhosted.org/packages/4a/25/3918bc64952370c3dbdbd8c82c363804678127815febd2925b7273d9482c/mypy-1.13.0-cp310-cp310-win_amd64.whl", hash = "sha256:c5fc54dbb712ff5e5a0fca797e6e0aa25726c7e72c6a5850cfd2adbc1eb0a372", size = 9632318 },
    { url = "https://files.pythonhosted.org/packages/3b/86/72ce7f57431d87a7ff17d442f521146a6585019eb8f4f31b7c02801f78ad/mypy-1.13.0-py3-none-any.whl", hash = "sha256:9c250883f9fd81d212e0952c92dbfcc96fc237f4b7c92f56ac81fd48460b3e5a", size = 2647043 },
]

[[package]]
name = "mypy-extensions"
version = "1.0.0"
source = { registry = "https://pypi.org/simple" }
sdist = { url = "https://files.pythonhosted.org/packages/98/a4/1ab47638b92648243faf97a5aeb6ea83059cc3624972ab6b8d2316078d3f/mypy_extensions-1.0.0.tar.gz", hash = "sha256:75dbf8955dc00442a438fc4d0666508a9a97b6bd41aa2f0ffe9d2f2725af0782", size = 4433 }
wheels = [
    { url = "https://files.pythonhosted.org/packages/2a/e2/5d3f6ada4297caebe1a2add3b126fe800c96f56dbe5d1988a2cbe0b267aa/mypy_extensions-1.0.0-py3-none-any.whl", hash = "sha256:4392f6c0eb8a5668a69e23d168ffa70f0be9ccfd32b5cc2d26a34ae5b844552d", size = 4695 },
]

[[package]]
name = "nodeenv"
version = "1.9.1"
source = { registry = "https://pypi.org/simple" }
sdist = { url = "https://files.pythonhosted.org/packages/43/16/fc88b08840de0e0a72a2f9d8c6bae36be573e475a6326ae854bcc549fc45/nodeenv-1.9.1.tar.gz", hash = "sha256:6ec12890a2dab7946721edbfbcd91f3319c6ccc9aec47be7c7e6b7011ee6645f", size = 47437 }
wheels = [
    { url = "https://files.pythonhosted.org/packages/d2/1d/1b658dbd2b9fa9c4c9f32accbfc0205d532c8c6194dc0f2a4c0428e7128a/nodeenv-1.9.1-py2.py3-none-any.whl", hash = "sha256:ba11c9782d29c27c70ffbdda2d7415098754709be8a7056d79a737cd901155c9", size = 22314 },
]

[[package]]
name = "packaging"
version = "24.2"
source = { registry = "https://pypi.org/simple" }
sdist = { url = "https://files.pythonhosted.org/packages/d0/63/68dbb6eb2de9cb10ee4c9c14a0148804425e13c4fb20d61cce69f53106da/packaging-24.2.tar.gz", hash = "sha256:c228a6dc5e932d346bc5739379109d49e8853dd8223571c7c5b55260edc0b97f", size = 163950 }
wheels = [
    { url = "https://files.pythonhosted.org/packages/88/ef/eb23f262cca3c0c4eb7ab1933c3b1f03d021f2c48f54763065b6f0e321be/packaging-24.2-py3-none-any.whl", hash = "sha256:09abb1bccd265c01f4a3aa3f7a7db064b36514d2cba19a2f694fe6150451a759", size = 65451 },
]

[[package]]
name = "platformdirs"
version = "4.3.6"
source = { registry = "https://pypi.org/simple" }
sdist = { url = "https://files.pythonhosted.org/packages/13/fc/128cc9cb8f03208bdbf93d3aa862e16d376844a14f9a0ce5cf4507372de4/platformdirs-4.3.6.tar.gz", hash = "sha256:357fb2acbc885b0419afd3ce3ed34564c13c9b95c89360cd9563f73aa5e2b907", size = 21302 }
wheels = [
    { url = "https://files.pythonhosted.org/packages/3c/a6/bc1012356d8ece4d66dd75c4b9fc6c1f6650ddd5991e421177d9f8f671be/platformdirs-4.3.6-py3-none-any.whl", hash = "sha256:73e575e1408ab8103900836b97580d5307456908a03e92031bab39e4554cc3fb", size = 18439 },
]

[[package]]
name = "pluggy"
version = "1.5.0"
source = { registry = "https://pypi.org/simple" }
sdist = { url = "https://files.pythonhosted.org/packages/96/2d/02d4312c973c6050a18b314a5ad0b3210edb65a906f868e31c111dede4a6/pluggy-1.5.0.tar.gz", hash = "sha256:2cffa88e94fdc978c4c574f15f9e59b7f4201d439195c3715ca9e2486f1d0cf1", size = 67955 }
wheels = [
    { url = "https://files.pythonhosted.org/packages/88/5f/e351af9a41f866ac3f1fac4ca0613908d9a41741cfcf2228f4ad853b697d/pluggy-1.5.0-py3-none-any.whl", hash = "sha256:44e1ad92c8ca002de6377e165f3e0f1be63266ab4d554740532335b9d75ea669", size = 20556 },
]

[[package]]
name = "pre-commit"
version = "4.1.0"
source = { registry = "https://pypi.org/simple" }
dependencies = [
    { name = "cfgv" },
    { name = "identify" },
    { name = "nodeenv" },
    { name = "pyyaml" },
    { name = "virtualenv" },
]
sdist = { url = "https://files.pythonhosted.org/packages/2a/13/b62d075317d8686071eb843f0bb1f195eb332f48869d3c31a4c6f1e063ac/pre_commit-4.1.0.tar.gz", hash = "sha256:ae3f018575a588e30dfddfab9a05448bfbd6b73d78709617b5a2b853549716d4", size = 193330 }
wheels = [
    { url = "https://files.pythonhosted.org/packages/43/b3/df14c580d82b9627d173ceea305ba898dca135feb360b6d84019d0803d3b/pre_commit-4.1.0-py2.py3-none-any.whl", hash = "sha256:d29e7cb346295bcc1cc75fc3e92e343495e3ea0196c9ec6ba53f49f10ab6ae7b", size = 220560 },
]

[[package]]
name = "project"
version = "0"
source = { virtual = "." }
dependencies = [
    { name = "bgm-tv-wiki" },
    { name = "confluent-kafka" },
    { name = "msgspec" },
    { name = "pymemcache" },
    { name = "pymysql" },
    { name = "pyyaml" },
    { name = "sqlalchemy" },
    { name = "sslog" },
]

[package.dev-dependencies]
dev = [
    { name = "mypy" },
    { name = "pre-commit" },
    { name = "pytest" },
    { name = "pytest-github-actions-annotate-failures" },
    { name = "tqdm" },
    { name = "types-confluent-kafka" },
    { name = "types-pyyaml" },
]

[package.metadata]
requires-dist = [
    { name = "bgm-tv-wiki", specifier = "==0.0.29" },
    { name = "confluent-kafka", specifier = "==2.6.1" },
    { name = "msgspec", specifier = "==0.18.6" },
    { name = "pymemcache", specifier = "==4.0.0" },
    { name = "pymysql", specifier = "==1.1.1" },
    { name = "pyyaml", specifier = "==6.0.2" },
    { name = "sqlalchemy", specifier = "==2.0.36" },
    { name = "sslog", specifier = "==0.0.0a51" },
]

[package.metadata.requires-dev]
dev = [
    { name = "mypy", specifier = "==1.13.0" },
    { name = "pre-commit", specifier = "==4.1.0" },
    { name = "pytest", specifier = "==8.3.3" },
    { name = "pytest-github-actions-annotate-failures", specifier = "==0.2.0" },
    { name = "tqdm", specifier = "==4.67.1" },
    { name = "types-confluent-kafka", specifier = "==1.3.1" },
    { name = "types-pyyaml", specifier = "==6.0.12.20240917" },
]

[[package]]
name = "pymemcache"
version = "4.0.0"
source = { registry = "https://pypi.org/simple" }
sdist = { url = "https://files.pythonhosted.org/packages/d9/b6/4541b664aeaad025dfb8e851dcddf8e25ab22607e674dd2b562ea3e3586f/pymemcache-4.0.0.tar.gz", hash = "sha256:27bf9bd1bbc1e20f83633208620d56de50f14185055e49504f4f5e94e94aff94", size = 70176 }
wheels = [
    { url = "https://files.pythonhosted.org/packages/41/ba/2f7b22d8135b51c4fefb041461f8431e1908778e6539ff5af6eeaaee367a/pymemcache-4.0.0-py2.py3-none-any.whl", hash = "sha256:f507bc20e0dc8d562f8df9d872107a278df049fa496805c1431b926f3ddd0eab", size = 60772 },
]

[[package]]
name = "pymysql"
version = "1.1.1"
source = { registry = "https://pypi.org/simple" }
sdist = { url = "https://files.pythonhosted.org/packages/b3/8f/ce59b5e5ed4ce8512f879ff1fa5ab699d211ae2495f1adaa5fbba2a1eada/pymysql-1.1.1.tar.gz", hash = "sha256:e127611aaf2b417403c60bf4dc570124aeb4a57f5f37b8e95ae399a42f904cd0", size = 47678 }
wheels = [
    { url = "https://files.pythonhosted.org/packages/0c/94/e4181a1f6286f545507528c78016e00065ea913276888db2262507693ce5/PyMySQL-1.1.1-py3-none-any.whl", hash = "sha256:4de15da4c61dc132f4fb9ab763063e693d521a80fd0e87943b9a453dd4c19d6c", size = 44972 },
]

[[package]]
name = "pytest"
version = "8.3.3"
source = { registry = "https://pypi.org/simple" }
dependencies = [
    { name = "colorama", marker = "sys_platform == 'win32'" },
    { name = "exceptiongroup" },
    { name = "iniconfig" },
    { name = "packaging" },
    { name = "pluggy" },
    { name = "tomli" },
]
sdist = { url = "https://files.pythonhosted.org/packages/8b/6c/62bbd536103af674e227c41a8f3dcd022d591f6eed5facb5a0f31ee33bbc/pytest-8.3.3.tar.gz", hash = "sha256:70b98107bd648308a7952b06e6ca9a50bc660be218d53c257cc1fc94fda10181", size = 1442487 }
wheels = [
    { url = "https://files.pythonhosted.org/packages/6b/77/7440a06a8ead44c7757a64362dd22df5760f9b12dc5f11b6188cd2fc27a0/pytest-8.3.3-py3-none-any.whl", hash = "sha256:a6853c7375b2663155079443d2e45de913a911a11d669df02a50814944db57b2", size = 342341 },
]

[[package]]
name = "pytest-github-actions-annotate-failures"
version = "0.2.0"
source = { registry = "https://pypi.org/simple" }
dependencies = [
    { name = "pytest" },
]
sdist = { url = "https://files.pythonhosted.org/packages/a8/d6/76d074e1e4d78c5144397e6061af29bcc218dbf19bb64b39e5c296bf42f1/pytest-github-actions-annotate-failures-0.2.0.tar.gz", hash = "sha256:844ab626d389496e44f960b42f0a72cce29ae06d363426d17ea9ae1b4bef2288", size = 9450 }
wheels = [
    { url = "https://files.pythonhosted.org/packages/eb/86/9ffd9f10a7ba7387ce4ef4362505d739a48dd988051b41d255eb7f102c17/pytest_github_actions_annotate_failures-0.2.0-py3-none-any.whl", hash = "sha256:8bcef65fed503faaa0524b59cfeccc8995130972dd7b008d64193cc41b9cde85", size = 5496 },
]

[[package]]
name = "pyyaml"
version = "6.0.2"
source = { registry = "https://pypi.org/simple" }
sdist = { url = "https://files.pythonhosted.org/packages/54/ed/79a089b6be93607fa5cdaedf301d7dfb23af5f25c398d5ead2525b063e17/pyyaml-6.0.2.tar.gz", hash = "sha256:d584d9ec91ad65861cc08d42e834324ef890a082e591037abe114850ff7bbc3e", size = 130631 }
wheels = [
    { url = "https://files.pythonhosted.org/packages/9b/95/a3fac87cb7158e231b5a6012e438c647e1a87f09f8e0d123acec8ab8bf71/PyYAML-6.0.2-cp310-cp310-macosx_10_9_x86_64.whl", hash = "sha256:0a9a2848a5b7feac301353437eb7d5957887edbf81d56e903999a75a3d743086", size = 184199 },
    { url = "https://files.pythonhosted.org/packages/c7/7a/68bd47624dab8fd4afbfd3c48e3b79efe09098ae941de5b58abcbadff5cb/PyYAML-6.0.2-cp310-cp310-macosx_11_0_arm64.whl", hash = "sha256:29717114e51c84ddfba879543fb232a6ed60086602313ca38cce623c1d62cfbf", size = 171758 },
    { url = "https://files.pythonhosted.org/packages/49/ee/14c54df452143b9ee9f0f29074d7ca5516a36edb0b4cc40c3f280131656f/PyYAML-6.0.2-cp310-cp310-manylinux_2_17_aarch64.manylinux2014_aarch64.whl", hash = "sha256:8824b5a04a04a047e72eea5cec3bc266db09e35de6bdfe34c9436ac5ee27d237", size = 718463 },
    { url = "https://files.pythonhosted.org/packages/4d/61/de363a97476e766574650d742205be468921a7b532aa2499fcd886b62530/PyYAML-6.0.2-cp310-cp310-manylinux_2_17_s390x.manylinux2014_s390x.whl", hash = "sha256:7c36280e6fb8385e520936c3cb3b8042851904eba0e58d277dca80a5cfed590b", size = 719280 },
    { url = "https://files.pythonhosted.org/packages/6b/4e/1523cb902fd98355e2e9ea5e5eb237cbc5f3ad5f3075fa65087aa0ecb669/PyYAML-6.0.2-cp310-cp310-manylinux_2_17_x86_64.manylinux2014_x86_64.whl", hash = "sha256:ec031d5d2feb36d1d1a24380e4db6d43695f3748343d99434e6f5f9156aaa2ed", size = 751239 },
    { url = "https://files.pythonhosted.org/packages/b7/33/5504b3a9a4464893c32f118a9cc045190a91637b119a9c881da1cf6b7a72/PyYAML-6.0.2-cp310-cp310-musllinux_1_1_aarch64.whl", hash = "sha256:936d68689298c36b53b29f23c6dbb74de12b4ac12ca6cfe0e047bedceea56180", size = 695802 },
    { url = "https://files.pythonhosted.org/packages/5c/20/8347dcabd41ef3a3cdc4f7b7a2aff3d06598c8779faa189cdbf878b626a4/PyYAML-6.0.2-cp310-cp310-musllinux_1_1_x86_64.whl", hash = "sha256:23502f431948090f597378482b4812b0caae32c22213aecf3b55325e049a6c68", size = 720527 },
    { url = "https://files.pythonhosted.org/packages/be/aa/5afe99233fb360d0ff37377145a949ae258aaab831bde4792b32650a4378/PyYAML-6.0.2-cp310-cp310-win32.whl", hash = "sha256:2e99c6826ffa974fe6e27cdb5ed0021786b03fc98e5ee3c5bfe1fd5015f42b99", size = 144052 },
    { url = "https://files.pythonhosted.org/packages/b5/84/0fa4b06f6d6c958d207620fc60005e241ecedceee58931bb20138e1e5776/PyYAML-6.0.2-cp310-cp310-win_amd64.whl", hash = "sha256:a4d3091415f010369ae4ed1fc6b79def9416358877534caf6a0fdd2146c87a3e", size = 161774 },
]

[[package]]
name = "sqlalchemy"
version = "2.0.36"
source = { registry = "https://pypi.org/simple" }
dependencies = [
    { name = "greenlet", marker = "platform_machine == 'AMD64' or platform_machine == 'WIN32' or platform_machine == 'aarch64' or platform_machine == 'amd64' or platform_machine == 'ppc64le' or platform_machine == 'win32' or platform_machine == 'x86_64'" },
    { name = "typing-extensions" },
]
sdist = { url = "https://files.pythonhosted.org/packages/50/65/9cbc9c4c3287bed2499e05033e207473504dc4df999ce49385fb1f8b058a/sqlalchemy-2.0.36.tar.gz", hash = "sha256:7f2767680b6d2398aea7082e45a774b2b0767b5c8d8ffb9c8b683088ea9b29c5", size = 9574485 }
wheels = [
    { url = "https://files.pythonhosted.org/packages/db/72/14ab694b8b3f0e35ef5beb74a8fea2811aa791ba1611c44dc90cdf46af17/SQLAlchemy-2.0.36-cp310-cp310-macosx_10_9_x86_64.whl", hash = "sha256:59b8f3adb3971929a3e660337f5dacc5942c2cdb760afcabb2614ffbda9f9f72", size = 2092604 },
    { url = "https://files.pythonhosted.org/packages/1e/59/333fcbca58b79f5b8b61853d6137530198823392151fa8fd9425f367519e/SQLAlchemy-2.0.36-cp310-cp310-macosx_11_0_arm64.whl", hash = "sha256:37350015056a553e442ff672c2d20e6f4b6d0b2495691fa239d8aa18bb3bc908", size = 2083796 },
    { url = "https://files.pythonhosted.org/packages/6c/a0/ec3c188d2b0c1bc742262e76408d44104598d7247c23f5b06bb97ee21bfa/SQLAlchemy-2.0.36-cp310-cp310-manylinux_2_17_aarch64.manylinux2014_aarch64.whl", hash = "sha256:8318f4776c85abc3f40ab185e388bee7a6ea99e7fa3a30686580b209eaa35c08", size = 3066165 },
    { url = "https://files.pythonhosted.org/packages/07/15/68ef91de5b8b7f80fb2d2b3b31ed42180c6227fe0a701aed9d01d34f98ec/SQLAlchemy-2.0.36-cp310-cp310-manylinux_2_17_x86_64.manylinux2014_x86_64.whl", hash = "sha256:c245b1fbade9c35e5bd3b64270ab49ce990369018289ecfde3f9c318411aaa07", size = 3074428 },
    { url = "https://files.pythonhosted.org/packages/e2/4c/9dfea5e63b87325eef6d9cdaac913459aa6a157a05a05ea6ff20004aee8e/SQLAlchemy-2.0.36-cp310-cp310-musllinux_1_2_aarch64.whl", hash = "sha256:69f93723edbca7342624d09f6704e7126b152eaed3cdbb634cb657a54332a3c5", size = 3030477 },
    { url = "https://files.pythonhosted.org/packages/16/a5/fcfde8e74ea5f683b24add22463bfc21e431d4a5531c8a5b55bc6fbea164/SQLAlchemy-2.0.36-cp310-cp310-musllinux_1_2_x86_64.whl", hash = "sha256:f9511d8dd4a6e9271d07d150fb2f81874a3c8c95e11ff9af3a2dfc35fe42ee44", size = 3055942 },
    { url = "https://files.pythonhosted.org/packages/3c/ee/c22c415a771d791ae99146d72ffdb20e43625acd24835ea7fc157436d59f/SQLAlchemy-2.0.36-cp310-cp310-win32.whl", hash = "sha256:c3f3631693003d8e585d4200730616b78fafd5a01ef8b698f6967da5c605b3fa", size = 2064960 },
    { url = "https://files.pythonhosted.org/packages/aa/af/ad9c25cadc79bd851bdb9d82b68af9bdb91ff05f56d0da2f8a654825974f/SQLAlchemy-2.0.36-cp310-cp310-win_amd64.whl", hash = "sha256:a86bfab2ef46d63300c0f06936bd6e6c0105faa11d509083ba8f2f9d237fb5b5", size = 2089078 },
    { url = "https://files.pythonhosted.org/packages/b8/49/21633706dd6feb14cd3f7935fc00b60870ea057686035e1a99ae6d9d9d53/SQLAlchemy-2.0.36-py3-none-any.whl", hash = "sha256:fddbe92b4760c6f5d48162aef14824add991aeda8ddadb3c31d56eb15ca69f8e", size = 1883787 },
]

[[package]]
name = "sslog"
version = "0.0.0a51"
source = { registry = "https://pypi.org/simple" }
dependencies = [
    { name = "structlog" },
    { name = "typing-extensions" },
]
sdist = { url = "https://files.pythonhosted.org/packages/6a/d5/f7988f1d589fc7bef590907598cfff73baad62229e966a9439403c72ac41/sslog-0.0.0a51.tar.gz", hash = "sha256:7cffce8bbcdd82399b09fb60a36788aec6437c952d19906a60cd413c8c93ecd2", size = 7867 }
wheels = [
    { url = "https://files.pythonhosted.org/packages/00/bf/78f4f5ddf4083fbdfcb1a85b3c9ea320e4bce1623fe7f59138f5f00f8437/sslog-0.0.0a51-py3-none-any.whl", hash = "sha256:786c091c9fd072d629730aeaa8cd49c677449369bf218136658867dba321b750", size = 7154 },
]

[[package]]
name = "structlog"
version = "24.4.0"
source = { registry = "https://pypi.org/simple" }
sdist = { url = "https://files.pythonhosted.org/packages/78/a3/e811a94ac3853826805253c906faa99219b79951c7d58605e89c79e65768/structlog-24.4.0.tar.gz", hash = "sha256:b27bfecede327a6d2da5fbc96bd859f114ecc398a6389d664f62085ee7ae6fc4", size = 1348634 }
wheels = [
    { url = "https://files.pythonhosted.org/packages/bf/65/813fc133609ebcb1299be6a42e5aea99d6344afb35ccb43f67e7daaa3b92/structlog-24.4.0-py3-none-any.whl", hash = "sha256:597f61e80a91cc0749a9fd2a098ed76715a1c8a01f73e336b746504d1aad7610", size = 67180 },
]

[[package]]
name = "tomli"
version = "2.2.1"
source = { registry = "https://pypi.org/simple" }
sdist = { url = "https://files.pythonhosted.org/packages/18/87/302344fed471e44a87289cf4967697d07e532f2421fdaf868a303cbae4ff/tomli-2.2.1.tar.gz", hash = "sha256:cd45e1dc79c835ce60f7404ec8119f2eb06d38b1deba146f07ced3bbc44505ff", size = 17175 }
wheels = [
    { url = "https://files.pythonhosted.org/packages/6e/c2/61d3e0f47e2b74ef40a68b9e6ad5984f6241a942f7cd3bbfbdbd03861ea9/tomli-2.2.1-py3-none-any.whl", hash = "sha256:cb55c73c5f4408779d0cf3eef9f762b9c9f147a77de7b258bef0a5628adc85cc", size = 14257 },
]

[[package]]
name = "tqdm"
version = "4.67.1"
source = { registry = "https://pypi.org/simple" }
dependencies = [
    { name = "colorama", marker = "sys_platform == 'win32'" },
]
sdist = { url = "https://files.pythonhosted.org/packages/a8/4b/29b4ef32e036bb34e4ab51796dd745cdba7ed47ad142a9f4a1eb8e0c744d/tqdm-4.67.1.tar.gz", hash = "sha256:f8aef9c52c08c13a65f30ea34f4e5aac3fd1a34959879d7e59e63027286627f2", size = 169737 }
wheels = [
    { url = "https://files.pythonhosted.org/packages/d0/30/dc54f88dd4a2b5dc8a0279bdd7270e735851848b762aeb1c1184ed1f6b14/tqdm-4.67.1-py3-none-any.whl", hash = "sha256:26445eca388f82e72884e0d580d5464cd801a3ea01e63e5601bdff9ba6a48de2", size = 78540 },
]

[[package]]
name = "types-confluent-kafka"
version = "1.3.1"
source = { registry = "https://pypi.org/simple" }
sdist = { url = "https://files.pythonhosted.org/packages/8d/93/6b402d113fe12528c7664619eaa94c5045dc597c194b508abbcde59f23ba/types_confluent_kafka-1.3.1.tar.gz", hash = "sha256:9602e242cf613cc12221ee587eb148b40f33225879c88f1ad11fd90ee35e48d7", size = 21633 }
wheels = [
    { url = "https://files.pythonhosted.org/packages/1c/c9/d491625b5f67f8061543c02f8286933670155c8c277178a68076153533c3/types_confluent_kafka-1.3.1-py3-none-any.whl", hash = "sha256:de660625b357b98728c90fe27c010c7a073c0083a90e447175295c5a908ac7a7", size = 35267 },
]

[[package]]
name = "types-pyyaml"
version = "6.0.12.20240917"
source = { registry = "https://pypi.org/simple" }
sdist = { url = "https://files.pythonhosted.org/packages/92/7d/a95df0a11f95c8f48d7683f03e4aed1a2c0fc73e9de15cca4d38034bea1a/types-PyYAML-6.0.12.20240917.tar.gz", hash = "sha256:d1405a86f9576682234ef83bcb4e6fff7c9305c8b1fbad5e0bcd4f7dbdc9c587", size = 12381 }
wheels = [
    { url = "https://files.pythonhosted.org/packages/9e/2c/c1d81d680997d24b0542aa336f0a65bd7835e5224b7670f33a7d617da379/types_PyYAML-6.0.12.20240917-py3-none-any.whl", hash = "sha256:392b267f1c0fe6022952462bf5d6523f31e37f6cea49b14cee7ad634b6301570", size = 15264 },
]

[[package]]
name = "typing-extensions"
version = "4.12.2"
source = { registry = "https://pypi.org/simple" }
sdist = { url = "https://files.pythonhosted.org/packages/df/db/f35a00659bc03fec321ba8bce9420de607a1d37f8342eee1863174c69557/typing_extensions-4.12.2.tar.gz", hash = "sha256:1a7ead55c7e559dd4dee8856e3a88b41225abfe1ce8df57b7c13915fe121ffb8", size = 85321 }
wheels = [
    { url = "https://files.pythonhosted.org/packages/26/9f/ad63fc0248c5379346306f8668cda6e2e2e9c95e01216d2b8ffd9ff037d0/typing_extensions-4.12.2-py3-none-any.whl", hash = "sha256:04e5ca0351e0f3f85c6853954072df659d0d13fac324d0072316b67d7794700d", size = 37438 },
]

[[package]]
name = "virtualenv"
version = "20.29.1"
source = { registry = "https://pypi.org/simple" }
dependencies = [
    { name = "distlib" },
    { name = "filelock" },
    { name = "platformdirs" },
]
sdist = { url = "https://files.pythonhosted.org/packages/a7/ca/f23dcb02e161a9bba141b1c08aa50e8da6ea25e6d780528f1d385a3efe25/virtualenv-20.29.1.tar.gz", hash = "sha256:b8b8970138d32fb606192cb97f6cd4bb644fa486be9308fb9b63f81091b5dc35", size = 7658028 }
wheels = [
    { url = "https://files.pythonhosted.org/packages/89/9b/599bcfc7064fbe5740919e78c5df18e5dceb0887e676256a1061bb5ae232/virtualenv-20.29.1-py3-none-any.whl", hash = "sha256:4e4cb403c0b0da39e13b46b1b2476e505cb0046b25f242bee80f62bf990b2779", size = 4282379 },
]
